
Microsoft Visual Studio Solution File, Format Version 12.00
# Visual Studio Version 17
VisualStudioVersion = 17.2.32526.322
MinimumVisualStudioVersion = 10.0.40219.1
Project("{FAE04EC0-301F-11D3-BF4B-00C04F79EFBC}") = "MeDirect.Exchange.API", "MeDirect.Exchange.API\MeDirect.Exchange.API.csproj", "{D5DFB024-761E-481C-9B7E-834FB86F4E50}"
EndProject
Project("{FAE04EC0-301F-11D3-BF4B-00C04F79EFBC}") = "MeDirect.Exchange.Application", "MeDirect.Exchange.Application\MeDirect.Exchange.Application.csproj", "{FC561EB4-DDFD-4B1F-BEC6-CD9B33F8BF0B}"
EndProject
Project("{FAE04EC0-301F-11D3-BF4B-00C04F79EFBC}") = "MeDirect.Exchange.Persistence", "MeDirect.Exchange.Persistence\MeDirect.Exchange.Persistence.csproj", "{19B95BDD-0A4D-4A1C-873F-4D49655B4247}"
EndProject
Project("{FAE04EC0-301F-11D3-BF4B-00C04F79EFBC}") = "MeDirect.Exchange.Domain", "MeDirect.Exchange.Domain\MeDirect.Exchange.Domain.csproj", "{137EEE1D-AE5A-4204-9B0B-8F2BCC0716BB}"
EndProject
Project("{FAE04EC0-301F-11D3-BF4B-00C04F79EFBC}") = "MeDirect.Exchange.Test", "MeDirect.Exchange.Test\MeDirect.Exchange.Test.csproj", "{5C65799A-C0DE-476B-A523-97AE359DDC9D}"
EndProject
Global
	GlobalSection(SolutionConfigurationPlatforms) = preSolution
		Debug|Any CPU = Debug|Any CPU
		Release|Any CPU = Release|Any CPU
	EndGlobalSection
	GlobalSection(ProjectConfigurationPlatforms) = postSolution
		{D5DFB024-761E-481C-9B7E-834FB86F4E50}.Debug|Any CPU.ActiveCfg = Debug|Any CPU
		{D5DFB024-761E-481C-9B7E-834FB86F4E50}.Debug|Any CPU.Build.0 = Debug|Any CPU
		{D5DFB024-761E-481C-9B7E-834FB86F4E50}.Release|Any CPU.ActiveCfg = Release|Any CPU
		{D5DFB024-761E-481C-9B7E-834FB86F4E50}.Release|Any CPU.Build.0 = Release|Any CPU
		{FC561EB4-DDFD-4B1F-BEC6-CD9B33F8BF0B}.Debug|Any CPU.ActiveCfg = Debug|Any CPU
		{FC561EB4-DDFD-4B1F-BEC6-CD9B33F8BF0B}.Debug|Any CPU.Build.0 = Debug|Any CPU
		{FC561EB4-DDFD-4B1F-BEC6-CD9B33F8BF0B}.Release|Any CPU.ActiveCfg = Release|Any CPU
		{FC561EB4-DDFD-4B1F-BEC6-CD9B33F8BF0B}.Release|Any CPU.Build.0 = Release|Any CPU
		{19B95BDD-0A4D-4A1C-873F-4D49655B4247}.Debug|Any CPU.ActiveCfg = Debug|Any CPU
		{19B95BDD-0A4D-4A1C-873F-4D49655B4247}.Debug|Any CPU.Build.0 = Debug|Any CPU
		{19B95BDD-0A4D-4A1C-873F-4D49655B4247}.Release|Any CPU.ActiveCfg = Release|Any CPU
		{19B95BDD-0A4D-4A1C-873F-4D49655B4247}.Release|Any CPU.Build.0 = Release|Any CPU
		{137EEE1D-AE5A-4204-9B0B-8F2BCC0716BB}.Debug|Any CPU.ActiveCfg = Debug|Any CPU
		{137EEE1D-AE5A-4204-9B0B-8F2BCC0716BB}.Debug|Any CPU.Build.0 = Debug|Any CPU
		{137EEE1D-AE5A-4204-9B0B-8F2BCC0716BB}.Release|Any CPU.ActiveCfg = Release|Any CPU
		{137EEE1D-AE5A-4204-9B0B-8F2BCC0716BB}.Release|Any CPU.Build.0 = Release|Any CPU
		{5C65799A-C0DE-476B-A523-97AE359DDC9D}.Debug|Any CPU.ActiveCfg = Debug|Any CPU
		{5C65799A-C0DE-476B-A523-97AE359DDC9D}.Debug|Any CPU.Build.0 = Debug|Any CPU
		{5C65799A-C0DE-476B-A523-97AE359DDC9D}.Release|Any CPU.ActiveCfg = Release|Any CPU
		{5C65799A-C0DE-476B-A523-97AE359DDC9D}.Release|Any CPU.Build.0 = Release|Any CPU
	EndGlobalSection
	GlobalSection(SolutionProperties) = preSolution
		HideSolutionNode = FALSE
	EndGlobalSection
	GlobalSection(ExtensibilityGlobals) = postSolution
		SolutionGuid = {1F1270EC-E358-4980-B611-9F0E85D1ED43}
	EndGlobalSection
EndGlobal
